
Microsoft Visual Studio Solution File, Format Version 12.00
# Visual Studio Version 16
VisualStudioVersion = 16.0.29503.13
MinimumVisualStudioVersion = 10.0.40219.1
Project("{FAE04EC0-301F-11D3-BF4B-00C04F79EFBC}") = "CoverMyCar.Android", "CoverMyCar\CoverMyCar.Android\CoverMyCar.Android.csproj", "{2E8676FB-824C-41B1-8CCA-7D4F21EBC851}"
EndProject
Project("{FAE04EC0-301F-11D3-BF4B-00C04F79EFBC}") = "CoverMyCar.iOS", "CoverMyCar\CoverMyCar.iOS\CoverMyCar.iOS.csproj", "{710DFAE2-C5BE-478E-B600-B15B3B712EB2}"
EndProject
Project("{FAE04EC0-301F-11D3-BF4B-00C04F79EFBC}") = "CoverMyCar", "CoverMyCar\CoverMyCar\CoverMyCar.csproj", "{AE30B7F7-DD06-4A93-8D45-33874D405221}"
EndProject
Global
	GlobalSection(SolutionConfigurationPlatforms) = preSolution
		Debug|Any CPU = Debug|Any CPU
		Debug|iPhone = Debug|iPhone
		Debug|iPhoneSimulator = Debug|iPhoneSimulator
		Release|Any CPU = Release|Any CPU
		Release|iPhone = Release|iPhone
		Release|iPhoneSimulator = Release|iPhoneSimulator
	EndGlobalSection
	GlobalSection(ProjectConfigurationPlatforms) = postSolution
		{2E8676FB-824C-41B1-8CCA-7D4F21EBC851}.Debug|Any CPU.ActiveCfg = Debug|Any CPU
		{2E8676FB-824C-41B1-8CCA-7D4F21EBC851}.Debug|Any CPU.Build.0 = Debug|Any CPU
		{2E8676FB-824C-41B1-8CCA-7D4F21EBC851}.Debug|Any CPU.Deploy.0 = Debug|Any CPU
		{2E8676FB-824C-41B1-8CCA-7D4F21EBC851}.Debug|iPhone.ActiveCfg = Debug|Any CPU
		{2E8676FB-824C-41B1-8CCA-7D4F21EBC851}.Debug|iPhone.Build.0 = Debug|Any CPU
		{2E8676FB-824C-41B1-8CCA-7D4F21EBC851}.Debug|iPhone.Deploy.0 = Debug|Any CPU
		{2E8676FB-824C-41B1-8CCA-7D4F21EBC851}.Debug|iPhoneSimulator.ActiveCfg = Debug|Any CPU
		{2E8676FB-824C-41B1-8CCA-7D4F21EBC851}.Debug|iPhoneSimulator.Build.0 = Debug|Any CPU
		{2E8676FB-824C-41B1-8CCA-7D4F21EBC851}.Debug|iPhoneSimulator.Deploy.0 = Debug|Any CPU
		{2E8676FB-824C-41B1-8CCA-7D4F21EBC851}.Release|Any CPU.ActiveCfg = Release|Any CPU
		{2E8676FB-824C-41B1-8CCA-7D4F21EBC851}.Release|Any CPU.Build.0 = Release|Any CPU
		{2E8676FB-824C-41B1-8CCA-7D4F21EBC851}.Release|Any CPU.Deploy.0 = Release|Any CPU
		{2E8676FB-824C-41B1-8CCA-7D4F21EBC851}.Release|iPhone.ActiveCfg = Release|Any CPU
		{2E8676FB-824C-41B1-8CCA-7D4F21EBC851}.Release|iPhone.Build.0 = Release|Any CPU
		{2E8676FB-824C-41B1-8CCA-7D4F21EBC851}.Release|iPhone.Deploy.0 = Release|Any CPU
		{2E8676FB-824C-41B1-8CCA-7D4F21EBC851}.Release|iPhoneSimulator.ActiveCfg = Release|Any CPU
		{2E8676FB-824C-41B1-8CCA-7D4F21EBC851}.Release|iPhoneSimulator.Build.0 = Release|Any CPU
		{2E8676FB-824C-41B1-8CCA-7D4F21EBC851}.Release|iPhoneSimulator.Deploy.0 = Release|Any CPU
		{710DFAE2-C5BE-478E-B600-B15B3B712EB2}.Debug|Any CPU.ActiveCfg = Debug|iPhoneSimulator
		{710DFAE2-C5BE-478E-B600-B15B3B712EB2}.Debug|Any CPU.Build.0 = Debug|iPhoneSimulator
		{710DFAE2-C5BE-478E-B600-B15B3B712EB2}.Debug|Any CPU.Deploy.0 = Debug|iPhoneSimulator
		{710DFAE2-C5BE-478E-B600-B15B3B712EB2}.Debug|iPhone.ActiveCfg = Debug|iPhone
		{710DFAE2-C5BE-478E-B600-B15B3B712EB2}.Debug|iPhone.Build.0 = Debug|iPhone
		{710DFAE2-C5BE-478E-B600-B15B3B712EB2}.Debug|iPhone.Deploy.0 = Debug|iPhone
		{710DFAE2-C5BE-478E-B600-B15B3B712EB2}.Debug|iPhoneSimulator.ActiveCfg = Debug|iPhoneSimulator
		{710DFAE2-C5BE-478E-B600-B15B3B712EB2}.Debug|iPhoneSimulator.Build.0 = Debug|iPhoneSimulator
		{710DFAE2-C5BE-478E-B600-B15B3B712EB2}.Debug|iPhoneSimulator.Deploy.0 = Debug|iPhoneSimulator
		{710DFAE2-C5BE-478E-B600-B15B3B712EB2}.Release|Any CPU.ActiveCfg = Release|iPhone
		{710DFAE2-C5BE-478E-B600-B15B3B712EB2}.Release|Any CPU.Build.0 = Release|iPhone
		{710DFAE2-C5BE-478E-B600-B15B3B712EB2}.Release|Any CPU.Deploy.0 = Release|iPhone
		{710DFAE2-C5BE-478E-B600-B15B3B712EB2}.Release|iPhone.ActiveCfg = Release|iPhone
		{710DFAE2-C5BE-478E-B600-B15B3B712EB2}.Release|iPhone.Build.0 = Release|iPhone
		{710DFAE2-C5BE-478E-B600-B15B3B712EB2}.Release|iPhone.Deploy.0 = Release|iPhone
		{710DFAE2-C5BE-478E-B600-B15B3B712EB2}.Release|iPhoneSimulator.ActiveCfg = Release|iPhoneSimulator
		{710DFAE2-C5BE-478E-B600-B15B3B712EB2}.Release|iPhoneSimulator.Build.0 = Release|iPhoneSimulator
		{710DFAE2-C5BE-478E-B600-B15B3B712EB2}.Release|iPhoneSimulator.Deploy.0 = Release|iPhoneSimulator
		{AE30B7F7-DD06-4A93-8D45-33874D405221}.Debug|Any CPU.ActiveCfg = Debug|Any CPU
		{AE30B7F7-DD06-4A93-8D45-33874D405221}.Debug|Any CPU.Build.0 = Debug|Any CPU
		{AE30B7F7-DD06-4A93-8D45-33874D405221}.Debug|Any CPU.Deploy.0 = Debug|Any CPU
		{AE30B7F7-DD06-4A93-8D45-33874D405221}.Debug|iPhone.ActiveCfg = Debug|Any CPU
		{AE30B7F7-DD06-4A93-8D45-33874D405221}.Debug|iPhone.Build.0 = Debug|Any CPU
		{AE30B7F7-DD06-4A93-8D45-33874D405221}.Debug|iPhone.Deploy.0 = Debug|Any CPU
		{AE30B7F7-DD06-4A93-8D45-33874D405221}.Debug|iPhoneSimulator.ActiveCfg = Debug|Any CPU
		{AE30B7F7-DD06-4A93-8D45-33874D405221}.Debug|iPhoneSimulator.Build.0 = Debug|Any CPU
		{AE30B7F7-DD06-4A93-8D45-33874D405221}.Debug|iPhoneSimulator.Deploy.0 = Debug|Any CPU
		{AE30B7F7-DD06-4A93-8D45-33874D405221}.Release|Any CPU.ActiveCfg = Release|Any CPU
		{AE30B7F7-DD06-4A93-8D45-33874D405221}.Release|Any CPU.Build.0 = Release|Any CPU
		{AE30B7F7-DD06-4A93-8D45-33874D405221}.Release|Any CPU.Deploy.0 = Release|Any CPU
		{AE30B7F7-DD06-4A93-8D45-33874D405221}.Release|iPhone.ActiveCfg = Release|Any CPU
		{AE30B7F7-DD06-4A93-8D45-33874D405221}.Release|iPhone.Build.0 = Release|Any CPU
		{AE30B7F7-DD06-4A93-8D45-33874D405221}.Release|iPhone.Deploy.0 = Release|Any CPU
		{AE30B7F7-DD06-4A93-8D45-33874D405221}.Release|iPhoneSimulator.ActiveCfg = Release|Any CPU
		{AE30B7F7-DD06-4A93-8D45-33874D405221}.Release|iPhoneSimulator.Build.0 = Release|Any CPU
		{AE30B7F7-DD06-4A93-8D45-33874D405221}.Release|iPhoneSimulator.Deploy.0 = Release|Any CPU
	EndGlobalSection
	GlobalSection(SolutionProperties) = preSolution
		HideSolutionNode = FALSE
	EndGlobalSection
	GlobalSection(ExtensibilityGlobals) = postSolution
		SolutionGuid = {9DD7AB0D-7E80-476A-91B7-7BE550B08F1B}
	EndGlobalSection
EndGlobal
